# THIS IS AN AUTOGENERATED FILE. DO NOT EDIT THIS FILE DIRECTLY.
# yarn lockfile v1


playwright-core@1.29.1:
  version "1.29.1"
  resolved "https://registry.yarnpkg.com/playwright-core/-/playwright-core-1.29.1.tgz#9ec15d61c4bd2f386ddf6ce010db53a030345a47"
  integrity sha512-20Ai3d+lMkWpI9YZYlxk8gxatfgax5STW8GaMozAHwigLiyiKQrdkt7gaoT9UQR8FIVDg6qVXs9IoZUQrDjIIg==

playwright@^1.29.1:
  version "1.29.1"
  resolved "https://registry.yarnpkg.com/playwright/-/playwright-1.29.1.tgz#fc04b34f42e3bfc0edadb1c45ef9bffd53c21f70"
  integrity sha512-lasC+pMqsQ2uWhNurt3YK3xo0gWlMjslYUylKbHcqF/NTjwp9KStRGO7S6wwz2f52GcSnop8XUK/GymJjdzrxw==
  dependencies:
    playwright-core "1.29.1"

prettier@^2.8.1:
  version "2.8.1"
  resolved "https://registry.yarnpkg.com/prettier/-/prettier-2.8.1.tgz#4e1fd11c34e2421bc1da9aea9bd8127cd0a35efc"
  integrity sha512-lqGoSJBQNJidqCHE80vqZJHWHRFoNYsSpP9AjFhlhi9ODCJA541svILes/+/1GM3VaL/abZi7cpFzOpdR9UPKg==
